
Microsoft Visual Studio Solution File, Format Version 12.00
# Visual Studio 14
VisualStudioVersion = 14.0.23107.0
MinimumVisualStudioVersion = 10.0.40219.1
Project("{FAE04EC0-301F-11D3-BF4B-00C04F79EFBC}") = "MU1.VS2015", "MU1.VS2015\MU1.VS2015.csproj", "{1F17F540-833D-40AB-B6AE-0CD824836EB7}"
EndProject
Global
	GlobalSection(SolutionConfigurationPlatforms) = preSolution
		Debug|Any CPU = Debug|Any CPU
		Release|Any CPU = Release|Any CPU
	EndGlobalSection
	GlobalSection(ProjectConfigurationPlatforms) = postSolution
		{1F17F540-833D-40AB-B6AE-0CD824836EB7}.Debug|Any CPU.ActiveCfg = Debug|Any CPU
		{1F17F540-833D-40AB-B6AE-0CD824836EB7}.Debug|Any CPU.Build.0 = Debug|Any CPU
		{1F17F540-833D-40AB-B6AE-0CD824836EB7}.Release|Any CPU.ActiveCfg = Release|Any CPU
		{1F17F540-833D-40AB-B6AE-0CD824836EB7}.Release|Any CPU.Build.0 = Release|Any CPU
	EndGlobalSection
	GlobalSection(SolutionProperties) = preSolution
		HideSolutionNode = FALSE
	EndGlobalSection
	GlobalSection(TeamFoundationVersionControl) = preSolution
		SccNumberOfProjects = 2
		SccEnterpriseProvider = {4CA58AB2-18FA-4F8D-95D4-32DDF27D184C}
		SccTeamFoundationServer = https://nttung.visualstudio.com/defaultcollection
		SccLocalPath0 = .
		SccProjectUniqueName1 = MU1.VS2015\\MU1.VS2015.csproj
		SccProjectName1 = MU1.VS2015
		SccLocalPath1 = MU1.VS2015
	EndGlobalSection
EndGlobal
